
Microsoft Visual Studio Solution File, Format Version 12.00
# Visual Studio 15
VisualStudioVersion = 15.0.28307.572
MinimumVisualStudioVersion = 10.0.40219.1
Project("{FAE04EC0-301F-11D3-BF4B-00C04F79EFBC}") = "GraphModified", "GraphModified\GraphModified.csproj", "{50F2A32D-BB82-4D42-9605-066ED71F565E}"
EndProject
Global
	GlobalSection(SolutionConfigurationPlatforms) = preSolution
		Debug|Any CPU = Debug|Any CPU
		Release|Any CPU = Release|Any CPU
	EndGlobalSection
	GlobalSection(ProjectConfigurationPlatforms) = postSolution
		{50F2A32D-BB82-4D42-9605-066ED71F565E}.Debug|Any CPU.ActiveCfg = Debug|Any CPU
		{50F2A32D-BB82-4D42-9605-066ED71F565E}.Debug|Any CPU.Build.0 = Debug|Any CPU
		{50F2A32D-BB82-4D42-9605-066ED71F565E}.Release|Any CPU.ActiveCfg = Release|Any CPU
		{50F2A32D-BB82-4D42-9605-066ED71F565E}.Release|Any CPU.Build.0 = Release|Any CPU
	EndGlobalSection
	GlobalSection(SolutionProperties) = preSolution
		HideSolutionNode = FALSE
	EndGlobalSection
	GlobalSection(ExtensibilityGlobals) = postSolution
		SolutionGuid = {CF880300-5B92-48E4-AFE9-7DEF5C45AC2D}
	EndGlobalSection
EndGlobal
